
Microsoft Visual Studio Solution File, Format Version 12.00
# Visual Studio Version 17
VisualStudioVersion = 17.0.31903.59
MinimumVisualStudioVersion = 10.0.40219.1
Project("{FAE04EC0-301F-11D3-BF4B-00C04F79EFBC}") = "CLIHub", "src\CLIHub\CLIHub.csproj", "{A1B2C3D4-E5F6-4A5B-8C9D-0E1F2A3B4C5D}"
EndProject

Project("{FAE04EC0-301F-11D3-BF4B-00C04F79EFBC}") = "CLIHub.Core", "src\CLIHub.Core\CLIHub.Core.csproj", "{4EAD803B-4EDF-4044-9C82-ADAF9CFB332D}"
EndProject
Project("{FAE04EC0-301F-11D3-BF4B-00C04F79EFBC}") = "CLIHub.Tests", "tests\CLIHub.Tests\CLIHub.Tests.csproj", "{0C1E0D3E-6390-4044-A1D4-95FF91A3E94E}"
EndProject
Project("{2150E333-8FDC-42A3-9474-1A3956D46DE8}") = "tests", "tests", "{6E1BB30C-BDF9-4AE0-93F6-EA07A032CF26}"
EndProject
Global
	GlobalSection(SolutionConfigurationPlatforms) = preSolution
		Debug|Any CPU = Debug|Any CPU
		Debug|x64 = Debug|x64
		Debug|x86 = Debug|x86
		Release|Any CPU = Release|Any CPU
		Release|x64 = Release|x64
		Release|x86 = Release|x86
	EndGlobalSection
	GlobalSection(ProjectConfigurationPlatforms) = postSolution
		{A1B2C3D4-E5F6-4A5B-8C9D-0E1F2A3B4C5D}.Debug|Any CPU.ActiveCfg = Debug|Any CPU
		{A1B2C3D4-E5F6-4A5B-8C9D-0E1F2A3B4C5D}.Debug|Any CPU.Build.0 = Debug|Any CPU
		{A1B2C3D4-E5F6-4A5B-8C9D-0E1F2A3B4C5D}.Debug|x64.ActiveCfg = Debug|Any CPU
		{A1B2C3D4-E5F6-4A5B-8C9D-0E1F2A3B4C5D}.Debug|x64.Build.0 = Debug|Any CPU
		{A1B2C3D4-E5F6-4A5B-8C9D-0E1F2A3B4C5D}.Debug|x86.ActiveCfg = Debug|Any CPU
		{A1B2C3D4-E5F6-4A5B-8C9D-0E1F2A3B4C5D}.Debug|x86.Build.0 = Debug|Any CPU
		{A1B2C3D4-E5F6-4A5B-8C9D-0E1F2A3B4C5D}.Release|Any CPU.ActiveCfg = Release|Any CPU
		{A1B2C3D4-E5F6-4A5B-8C9D-0E1F2A3B4C5D}.Release|Any CPU.Build.0 = Release|Any CPU
		{A1B2C3D4-E5F6-4A5B-8C9D-0E1F2A3B4C5D}.Release|x64.ActiveCfg = Release|Any CPU
		{A1B2C3D4-E5F6-4A5B-8C9D-0E1F2A3B4C5D}.Release|x64.Build.0 = Release|Any CPU
		{A1B2C3D4-E5F6-4A5B-8C9D-0E1F2A3B4C5D}.Release|x86.ActiveCfg = Release|Any CPU
		{A1B2C3D4-E5F6-4A5B-8C9D-0E1F2A3B4C5D}.Release|x86.Build.0 = Release|Any CPU
		{4EAD803B-4EDF-4044-9C82-ADAF9CFB332D}.Debug|Any CPU.ActiveCfg = Debug|Any CPU
		{4EAD803B-4EDF-4044-9C82-ADAF9CFB332D}.Debug|Any CPU.Build.0 = Debug|Any CPU
		{4EAD803B-4EDF-4044-9C82-ADAF9CFB332D}.Debug|x64.ActiveCfg = Debug|Any CPU
		{4EAD803B-4EDF-4044-9C82-ADAF9CFB332D}.Debug|x64.Build.0 = Debug|Any CPU
		{4EAD803B-4EDF-4044-9C82-ADAF9CFB332D}.Debug|x86.ActiveCfg = Debug|Any CPU
		{4EAD803B-4EDF-4044-9C82-ADAF9CFB332D}.Debug|x86.Build.0 = Debug|Any CPU
		{4EAD803B-4EDF-4044-9C82-ADAF9CFB332D}.Release|Any CPU.ActiveCfg = Release|Any CPU
		{4EAD803B-4EDF-4044-9C82-ADAF9CFB332D}.Release|Any CPU.Build.0 = Release|Any CPU
		{4EAD803B-4EDF-4044-9C82-ADAF9CFB332D}.Release|x64.ActiveCfg = Release|Any CPU
		{4EAD803B-4EDF-4044-9C82-ADAF9CFB332D}.Release|x64.Build.0 = Release|Any CPU
		{4EAD803B-4EDF-4044-9C82-ADAF9CFB332D}.Release|x86.ActiveCfg = Release|Any CPU
		{4EAD803B-4EDF-4044-9C82-ADAF9CFB332D}.Release|x86.Build.0 = Release|Any CPU
		{0C1E0D3E-6390-4044-A1D4-95FF91A3E94E}.Debug|Any CPU.ActiveCfg = Debug|Any CPU
		{0C1E0D3E-6390-4044-A1D4-95FF91A3E94E}.Debug|Any CPU.Build.0 = Debug|Any CPU
		{0C1E0D3E-6390-4044-A1D4-95FF91A3E94E}.Debug|x64.ActiveCfg = Debug|Any CPU
		{0C1E0D3E-6390-4044-A1D4-95FF91A3E94E}.Debug|x64.Build.0 = Debug|Any CPU
		{0C1E0D3E-6390-4044-A1D4-95FF91A3E94E}.Debug|x86.ActiveCfg = Debug|Any CPU
		{0C1E0D3E-6390-4044-A1D4-95FF91A3E94E}.Debug|x86.Build.0 = Debug|Any CPU
		{0C1E0D3E-6390-4044-A1D4-95FF91A3E94E}.Release|Any CPU.ActiveCfg = Release|Any CPU
		{0C1E0D3E-6390-4044-A1D4-95FF91A3E94E}.Release|Any CPU.Build.0 = Release|Any CPU
		{0C1E0D3E-6390-4044-A1D4-95FF91A3E94E}.Release|x64.ActiveCfg = Release|Any CPU
		{0C1E0D3E-6390-4044-A1D4-95FF91A3E94E}.Release|x64.Build.0 = Release|Any CPU
		{0C1E0D3E-6390-4044-A1D4-95FF91A3E94E}.Release|x86.ActiveCfg = Release|Any CPU
		{0C1E0D3E-6390-4044-A1D4-95FF91A3E94E}.Release|x86.Build.0 = Release|Any CPU
	EndGlobalSection
	GlobalSection(NestedProjects) = preSolution
		{0C1E0D3E-6390-4044-A1D4-95FF91A3E94E} = {6E1BB30C-BDF9-4AE0-93F6-EA07A032CF26}
	EndGlobalSection
	GlobalSection(SolutionProperties) = preSolution
		HideSolutionNode = FALSE
	EndGlobalSection
EndGlobal
